{
  "originHash" : "c9e9705def54a5c266537f93b2a579f3cd2510bc5f7601d33c20c6cdd916adac",
  "pins" : [
    {
      "identity" : "grdb.swift",
      "kind" : "remoteSourceControl",
      "location" : "https://github.com/groue/GRDB.swift.git",
      "state" : {
        "revision" : "2cf6c756e1e5ef6901ebae16576a7e4e4b834622",
        "version" : "6.29.3"
      }
    },
    {
      "identity" : "sentry-cocoa",
      "kind" : "remoteSourceControl",
      "location" : "https://github.com/getsentry/sentry-cocoa.git",
      "state" : {
        "revision" : "16cd512711375fa73f25ae5e373f596bdf4251ae",
        "version" : "8.58.0"
      }
    }
  ],
  "version" : 3
}
